// !$*UTF8*$!
{
	archiveVersion = 1;
	classes = {
	};
	objectVersion = 46;
	objects = {

/* Begin PBXBuildFile section */
		5C199F971F14861B009C338C /* Calculator.swift in Sources */ = {isa = PBXBuildFile; fileRef = 5C199F961F14861B009C338C /* Calculator.swift */; };
		5C7A9B961F1E8425007D5A3B /* Interface.storyboard in Resources */ = {isa = PBXBuildFile; fileRef = 5C7A9B941F1E8425007D5A3B /* Interface.storyboard */; };
		5C7A9B981F1E8425007D5A3B /* Assets.xcassets in Resources */ = {isa = PBXBuildFile; fileRef = 5C7A9B971F1E8425007D5A3B /* Assets.xcassets */; };
		5C7A9B9F1F1E8426007D5A3B /* watch-Calc Extension.appex in Embed App Extensions */ = {isa = PBXBuildFile; fileRef = 5C7A9B9E1F1E8426007D5A3B /* watch-Calc Extension.appex */; settings = {ATTRIBUTES = (RemoveHeadersOnCopy, ); }; };
		5C7A9BA61F1E8426007D5A3B /* InterfaceController.swift in Sources */ = {isa = PBXBuildFile; fileRef = 5C7A9BA51F1E8426007D5A3B /* InterfaceController.swift */; };
		5C7A9BA81F1E8426007D5A3B /* ExtensionDelegate.swift in Sources */ = {isa = PBXBuildFile; fileRef = 5C7A9BA71F1E8426007D5A3B /* ExtensionDelegate.swift */; };
		5C7A9BAA1F1E8426007D5A3B /* NotificationController.swift in Sources */ = {isa = PBXBuildFile; fileRef = 5C7A9BA91F1E8426007D5A3B /* NotificationController.swift */; };
		5C7A9BAC1F1E8426007D5A3B /* Assets.xcassets in Resources */ = {isa = PBXBuildFile; fileRef = 5C7A9BAB1F1E8426007D5A3B /* Assets.xcassets */; };
		5C7A9BB01F1E8426007D5A3B /* watch-Calc.app in Embed Watch Content */ = {isa = PBXBuildFile; fileRef = 5C7A9B921F1E8425007D5A3B /* watch-Calc.app */; };
		5CB13E291F0BEAE2002C5D88 /* AppDelegate.swift in Sources */ = {isa = PBXBuildFile; fileRef = 5CB13E281F0BEAE2002C5D88 /* AppDelegate.swift */; };
		5CB13E2B1F0BEAE2002C5D88 /* ViewController.swift in Sources */ = {isa = PBXBuildFile; fileRef = 5CB13E2A1F0BEAE2002C5D88 /* ViewController.swift */; };
		5CB13E2E1F0BEAE2002C5D88 /* Main.storyboard in Resources */ = {isa = PBXBuildFile; fileRef = 5CB13E2C1F0BEAE2002C5D88 /* Main.storyboard */; };
		5CB13E301F0BEAE2002C5D88 /* Assets.xcassets in Resources */ = {isa = PBXBuildFile; fileRef = 5CB13E2F1F0BEAE2002C5D88 /* Assets.xcassets */; };
		5CB13E331F0BEAE2002C5D88 /* LaunchScreen.storyboard in Resources */ = {isa = PBXBuildFile; fileRef = 5CB13E311F0BEAE2002C5D88 /* LaunchScreen.storyboard */; };
		5CB13E3E1F0BEAE2002C5D88 /* CalCTests.swift in Sources */ = {isa = PBXBuildFile; fileRef = 5CB13E3D1F0BEAE2002C5D88 /* CalCTests.swift */; };
		5CB13E491F0BEAE2002C5D88 /* CalCUITests.swift in Sources */ = {isa = PBXBuildFile; fileRef = 5CB13E481F0BEAE2002C5D88 /* CalCUITests.swift */; };
/* End PBXBuildFile section */

/* Begin PBXContainerItemProxy section */
		5C7A9BA01F1E8426007D5A3B /* PBXContainerItemProxy */ = {
			isa = PBXContainerItemProxy;
			containerPortal = 5CB13E1D1F0BEAE2002C5D88 /* Project object */;
			proxyType = 1;
			remoteGlobalIDString = 5C7A9B9D1F1E8426007D5A3B;
			remoteInfo = "watch-Calc Extension";
		};
		5C7A9BAE1F1E8426007D5A3B /* PBXContainerItemProxy */ = {
			isa = PBXContainerItemProxy;
			containerPortal = 5CB13E1D1F0BEAE2002C5D88 /* Project object */;
			proxyType = 1;
			remoteGlobalIDString = 5C7A9B911F1E8425007D5A3B;
			remoteInfo = "watch-Calc";
		};
		5CB13E3A1F0BEAE2002C5D88 /* PBXContainerItemProxy */ = {
			isa = PBXContainerItemProxy;
			containerPortal = 5CB13E1D1F0BEAE2002C5D88 /* Project object */;
			proxyType = 1;
			remoteGlobalIDString = 5CB13E241F0BEAE2002C5D88;
			remoteInfo = CalC;
		};
		5CB13E451F0BEAE2002C5D88 /* PBXContainerItemProxy */ = {
			isa = PBXContainerItemProxy;
			containerPortal = 5CB13E1D1F0BEAE2002C5D88 /* Project object */;
			proxyType = 1;
			remoteGlobalIDString = 5CB13E241F0BEAE2002C5D88;
			remoteInfo = CalC;
		};
/* End PBXContainerItemProxy section */

/* Begin PBXCopyFilesBuildPhase section */
		5C7A9BB61F1E8426007D5A3B /* Embed App Extensions */ = {
			isa = PBXCopyFilesBuildPhase;
			buildActionMask = 2147483647;
			dstPath = "";
			dstSubfolderSpec = 13;
			files = (
				5C7A9B9F1F1E8426007D5A3B /* watch-Calc Extension.appex in Embed App Extensions */,
			);
			name = "Embed App Extensions";
			runOnlyForDeploymentPostprocessing = 0;
		};
		5C7A9BB81F1E8426007D5A3B /* Embed Watch Content */ = {
			isa = PBXCopyFilesBuildPhase;
			buildActionMask = 2147483647;
			dstPath = "$(CONTENTS_FOLDER_PATH)/Watch";
			dstSubfolderSpec = 16;
			files = (
				5C7A9BB01F1E8426007D5A3B /* watch-Calc.app in Embed Watch Content */,
			);
			name = "Embed Watch Content";
			runOnlyForDeploymentPostprocessing = 0;
		};
/* End PBXCopyFilesBuildPhase section */

/* Begin PBXFileReference section */
		5C199F961F14861B009C338C /* Calculator.swift */ = {isa = PBXFileReference; fileEncoding = 4; lastKnownFileType = sourcecode.swift; path = Calculator.swift; sourceTree = "<group>"; };
		5C7A9B921F1E8425007D5A3B /* watch-Calc.app */ = {isa = PBXFileReference; explicitFileType = wrapper.application; includeInIndex = 0; path = "watch-Calc.app"; sourceTree = BUILT_PRODUCTS_DIR; };
		5C7A9B951F1E8425007D5A3B /* Base */ = {isa = PBXFileReference; lastKnownFileType = file.storyboard; name = Base; path = Base.lproj/Interface.storyboard; sourceTree = "<group>"; };
		5C7A9B971F1E8425007D5A3B /* Assets.xcassets */ = {isa = PBXFileReference; lastKnownFileType = folder.assetcatalog; path = Assets.xcassets; sourceTree = "<group>"; };
		5C7A9B991F1E8426007D5A3B /* Info.plist */ = {isa = PBXFileReference; lastKnownFileType = text.plist.xml; path = Info.plist; sourceTree = "<group>"; };
		5C7A9B9E1F1E8426007D5A3B /* watch-Calc Extension.appex */ = {isa = PBXFileReference; explicitFileType = "wrapper.app-extension"; includeInIndex = 0; path = "watch-Calc Extension.appex"; sourceTree = BUILT_PRODUCTS_DIR; };
		5C7A9BA41F1E8426007D5A3B /* PushNotificationPayload.apns */ = {isa = PBXFileReference; lastKnownFileType = text; path = PushNotificationPayload.apns; sourceTree = "<group>"; };
		5C7A9BA51F1E8426007D5A3B /* InterfaceController.swift */ = {isa = PBXFileReference; lastKnownFileType = sourcecode.swift; path = InterfaceController.swift; sourceTree = "<group>"; };
		5C7A9BA71F1E8426007D5A3B /* ExtensionDelegate.swift */ = {isa = PBXFileReference; lastKnownFileType = sourcecode.swift; path = ExtensionDelegate.swift; sourceTree = "<group>"; };
		5C7A9BA91F1E8426007D5A3B /* NotificationController.swift */ = {isa = PBXFileReference; lastKnownFileType = sourcecode.swift; path = NotificationController.swift; sourceTree = "<group>"; };
		5C7A9BAB1F1E8426007D5A3B /* Assets.xcassets */ = {isa = PBXFileReference; lastKnownFileType = folder.assetcatalog; path = Assets.xcassets; sourceTree = "<group>"; };
		5C7A9BAD1F1E8426007D5A3B /* Info.plist */ = {isa = PBXFileReference; lastKnownFileType = text.plist.xml; path = Info.plist; sourceTree = "<group>"; };
		5CB13E251F0BEAE2002C5D88 /* CalC.app */ = {isa = PBXFileReference; explicitFileType = wrapper.application; includeInIndex = 0; path = CalC.app; sourceTree = BUILT_PRODUCTS_DIR; };
		5CB13E281F0BEAE2002C5D88 /* AppDelegate.swift */ = {isa = PBXFileReference; lastKnownFileType = sourcecode.swift; path = AppDelegate.swift; sourceTree = "<group>"; };
		5CB13E2A1F0BEAE2002C5D88 /* ViewController.swift */ = {isa = PBXFileReference; lastKnownFileType = sourcecode.swift; path = ViewController.swift; sourceTree = "<group>"; };
		5CB13E2D1F0BEAE2002C5D88 /* Base */ = {isa = PBXFileReference; lastKnownFileType = file.storyboard; name = Base; path = Base.lproj/Main.storyboard; sourceTree = "<group>"; };
		5CB13E2F1F0BEAE2002C5D88 /* Assets.xcassets */ = {isa = PBXFileReference; lastKnownFileType = folder.assetcatalog; path = Assets.xcassets; sourceTree = "<group>"; };
		5CB13E321F0BEAE2002C5D88 /* Base */ = {isa = PBXFileReference; lastKnownFileType = file.storyboard; name = Base; path = Base.lproj/LaunchScreen.storyboard; sourceTree = "<group>"; };
		5CB13E341F0BEAE2002C5D88 /* Info.plist */ = {isa = PBXFileReference; lastKnownFileType = text.plist.xml; path = Info.plist; sourceTree = "<group>"; };
		5CB13E391F0BEAE2002C5D88 /* CalCTests.xctest */ = {isa = PBXFileReference; explicitFileType = wrapper.cfbundle; includeInIndex = 0; path = CalCTests.xctest; sourceTree = BUILT_PRODUCTS_DIR; };
		5CB13E3D1F0BEAE2002C5D88 /* CalCTests.swift */ = {isa = PBXFileReference; lastKnownFileType = sourcecode.swift; path = CalCTests.swift; sourceTree = "<group>"; };
		5CB13E3F1F0BEAE2002C5D88 /* Info.plist */ = {isa = PBXFileReference; lastKnownFileType = text.plist.xml; path = Info.plist; sourceTree = "<group>"; };
		5CB13E441F0BEAE2002C5D88 /* CalCUITests.xctest */ = {isa = PBXFileReference; explicitFileType = wrapper.cfbundle; includeInIndex = 0; path = CalCUITests.xctest; sourceTree = BUILT_PRODUCTS_DIR; };
		5CB13E481F0BEAE2002C5D88 /* CalCUITests.swift */ = {isa = PBXFileReference; lastKnownFileType = sourcecode.swift; path = CalCUITests.swift; sourceTree = "<group>"; };
		5CB13E4A1F0BEAE2002C5D88 /* Info.plist */ = {isa = PBXFileReference; lastKnownFileType = text.plist.xml; path = Info.plist; sourceTree = "<group>"; };
/* End PBXFileReference section */

/* Begin PBXFrameworksBuildPhase section */
		5C7A9B9B1F1E8426007D5A3B /* Frameworks */ = {
			isa = PBXFrameworksBuildPhase;
			buildActionMask = 2147483647;
			files = (
			);
			runOnlyForDeploymentPostprocessing = 0;
		};
		5CB13E221F0BEAE2002C5D88 /* Frameworks */ = {
			isa = PBXFrameworksBuildPhase;
			buildActionMask = 2147483647;
			files = (
			);
			runOnlyForDeploymentPostprocessing = 0;
		};
		5CB13E361F0BEAE2002C5D88 /* Frameworks */ = {
			isa = PBXFrameworksBuildPhase;
			buildActionMask = 2147483647;
			files = (
			);
			runOnlyForDeploymentPostprocessing = 0;
		};
		5CB13E411F0BEAE2002C5D88 /* Frameworks */ = {
			isa = PBXFrameworksBuildPhase;
			buildActionMask = 2147483647;
			files = (
			);
			runOnlyForDeploymentPostprocessing = 0;
		};
/* End PBXFrameworksBuildPhase section */

/* Begin PBXGroup section */
		5C199F951F1485D3009C338C /* Supporting Files */ = {
			isa = PBXGroup;
			children = (
				5CB13E2F1F0BEAE2002C5D88 /* Assets.xcassets */,
				5CB13E311F0BEAE2002C5D88 /* LaunchScreen.storyboard */,
				5CB13E341F0BEAE2002C5D88 /* Info.plist */,
			);
			name = "Supporting Files";
			sourceTree = "<group>";
		};
		5C7A9B931F1E8425007D5A3B /* watch-Calc */ = {
			isa = PBXGroup;
			children = (
				5C7A9B941F1E8425007D5A3B /* Interface.storyboard */,
				5C7A9B971F1E8425007D5A3B /* Assets.xcassets */,
				5C7A9B991F1E8426007D5A3B /* Info.plist */,
			);
			path = "watch-Calc";
			sourceTree = "<group>";
		};
		5C7A9BA21F1E8426007D5A3B /* watch-Calc Extension */ = {
			isa = PBXGroup;
			children = (
				5C7A9BA51F1E8426007D5A3B /* InterfaceController.swift */,
				5C7A9BA71F1E8426007D5A3B /* ExtensionDelegate.swift */,
				5C7A9BA91F1E8426007D5A3B /* NotificationController.swift */,
				5C7A9BAB1F1E8426007D5A3B /* Assets.xcassets */,
				5C7A9BAD1F1E8426007D5A3B /* Info.plist */,
				5C7A9BA31F1E8426007D5A3B /* Supporting Files */,
			);
			path = "watch-Calc Extension";
			sourceTree = "<group>";
		};
		5C7A9BA31F1E8426007D5A3B /* Supporting Files */ = {
			isa = PBXGroup;
			children = (
				5C7A9BA41F1E8426007D5A3B /* PushNotificationPayload.apns */,
			);
			name = "Supporting Files";
			sourceTree = "<group>";
		};
		5CB13E1C1F0BEAE2002C5D88 = {
			isa = PBXGroup;
			children = (
				5CB13E271F0BEAE2002C5D88 /* CalC */,
				5CB13E3C1F0BEAE2002C5D88 /* CalCTests */,
				5CB13E471F0BEAE2002C5D88 /* CalCUITests */,
				5C7A9B931F1E8425007D5A3B /* watch-Calc */,
				5C7A9BA21F1E8426007D5A3B /* watch-Calc Extension */,
				5CB13E261F0BEAE2002C5D88 /* Products */,
			);
			sourceTree = "<group>";
		};
		5CB13E261F0BEAE2002C5D88 /* Products */ = {
			isa = PBXGroup;
			children = (
				5CB13E251F0BEAE2002C5D88 /* CalC.app */,
				5CB13E391F0BEAE2002C5D88 /* CalCTests.xctest */,
				5CB13E441F0BEAE2002C5D88 /* CalCUITests.xctest */,
				5C7A9B921F1E8425007D5A3B /* watch-Calc.app */,
				5C7A9B9E1F1E8426007D5A3B /* watch-Calc Extension.appex */,
			);
			name = Products;
			sourceTree = "<group>";
		};
		5CB13E271F0BEAE2002C5D88 /* CalC */ = {
			isa = PBXGroup;
			children = (
				5CB13E281F0BEAE2002C5D88 /* AppDelegate.swift */,
				5CB13E2A1F0BEAE2002C5D88 /* ViewController.swift */,
				5CB13E2C1F0BEAE2002C5D88 /* Main.storyboard */,
				5C199F951F1485D3009C338C /* Supporting Files */,
				5C199F961F14861B009C338C /* Calculator.swift */,
			);
			path = CalC;
			sourceTree = "<group>";
		};
		5CB13E3C1F0BEAE2002C5D88 /* CalCTests */ = {
			isa = PBXGroup;
			children = (
				5CB13E3D1F0BEAE2002C5D88 /* CalCTests.swift */,
				5CB13E3F1F0BEAE2002C5D88 /* Info.plist */,
			);
			path = CalCTests;
			sourceTree = "<group>";
		};
		5CB13E471F0BEAE2002C5D88 /* CalCUITests */ = {
			isa = PBXGroup;
			children = (
				5CB13E481F0BEAE2002C5D88 /* CalCUITests.swift */,
				5CB13E4A1F0BEAE2002C5D88 /* Info.plist */,
			);
			path = CalCUITests;
			sourceTree = "<group>";
		};
/* End PBXGroup section */

/* Begin PBXNativeTarget section */
		5C7A9B911F1E8425007D5A3B /* watch-Calc */ = {
			isa = PBXNativeTarget;
			buildConfigurationList = 5C7A9BB71F1E8426007D5A3B /* Build configuration list for PBXNativeTarget "watch-Calc" */;
			buildPhases = (
				5C7A9B901F1E8425007D5A3B /* Resources */,
				5C7A9BB61F1E8426007D5A3B /* Embed App Extensions */,
			);
			buildRules = (
			);
			dependencies = (
				5C7A9BA11F1E8426007D5A3B /* PBXTargetDependency */,
			);
			name = "watch-Calc";
			productName = "watch-Calc";
			productReference = 5C7A9B921F1E8425007D5A3B /* watch-Calc.app */;
			productType = "com.apple.product-type.application.watchapp2";
		};
		5C7A9B9D1F1E8426007D5A3B /* watch-Calc Extension */ = {
			isa = PBXNativeTarget;
			buildConfigurationList = 5C7A9BB51F1E8426007D5A3B /* Build configuration list for PBXNativeTarget "watch-Calc Extension" */;
			buildPhases = (
				5C7A9B9A1F1E8426007D5A3B /* Sources */,
				5C7A9B9B1F1E8426007D5A3B /* Frameworks */,
				5C7A9B9C1F1E8426007D5A3B /* Resources */,
			);
			buildRules = (
			);
			dependencies = (
			);
			name = "watch-Calc Extension";
			productName = "watch-Calc Extension";
			productReference = 5C7A9B9E1F1E8426007D5A3B /* watch-Calc Extension.appex */;
			productType = "com.apple.product-type.watchkit2-extension";
		};
		5CB13E241F0BEAE2002C5D88 /* CalC */ = {
			isa = PBXNativeTarget;
			buildConfigurationList = 5CB13E4D1F0BEAE2002C5D88 /* Build configuration list for PBXNativeTarget "CalC" */;
			buildPhases = (
				5CB13E211F0BEAE2002C5D88 /* Sources */,
				5CB13E221F0BEAE2002C5D88 /* Frameworks */,
				5CB13E231F0BEAE2002C5D88 /* Resources */,
				5C7A9BB81F1E8426007D5A3B /* Embed Watch Content */,
			);
			buildRules = (
			);
			dependencies = (
				5C7A9BAF1F1E8426007D5A3B /* PBXTargetDependency */,
			);
			name = CalC;
			productName = CalC;
			productReference = 5CB13E251F0BEAE2002C5D88 /* CalC.app */;
			productType = "com.apple.product-type.application";
		};
		5CB13E381F0BEAE2002C5D88 /* CalCTests */ = {
			isa = PBXNativeTarget;
			buildConfigurationList = 5CB13E501F0BEAE2002C5D88 /* Build configuration list for PBXNativeTarget "CalCTests" */;
			buildPhases = (
				5CB13E351F0BEAE2002C5D88 /* Sources */,
				5CB13E361F0BEAE2002C5D88 /* Frameworks */,
				5CB13E371F0BEAE2002C5D88 /* Resources */,
			);
			buildRules = (
			);
			dependencies = (
				5CB13E3B1F0BEAE2002C5D88 /* PBXTargetDependency */,
			);
			name = CalCTests;
			productName = CalCTests;
			productReference = 5CB13E391F0BEAE2002C5D88 /* CalCTests.xctest */;
			productType = "com.apple.product-type.bundle.unit-test";
		};
		5CB13E431F0BEAE2002C5D88 /* CalCUITests */ = {
			isa = PBXNativeTarget;
			buildConfigurationList = 5CB13E531F0BEAE2002C5D88 /* Build configuration list for PBXNativeTarget "CalCUITests" */;
			buildPhases = (
				5CB13E401F0BEAE2002C5D88 /* Sources */,
				5CB13E411F0BEAE2002C5D88 /* Frameworks */,
				5CB13E421F0BEAE2002C5D88 /* Resources */,
			);
			buildRules = (
			);
			dependencies = (
				5CB13E461F0BEAE2002C5D88 /* PBXTargetDependency */,
			);
			name = CalCUITests;
			productName = CalCUITests;
			productReference = 5CB13E441F0BEAE2002C5D88 /* CalCUITests.xctest */;
			productType = "com.apple.product-type.bundle.ui-testing";
		};
/* End PBXNativeTarget section */

/* Begin PBXProject section */
		5CB13E1D1F0BEAE2002C5D88 /* Project object */ = {
			isa = PBXProject;
			attributes = {
				LastSwiftUpdateCheck = 0820;
				LastUpgradeCheck = 0820;
				ORGANIZATIONNAME = iSalmanLab;
				TargetAttributes = {
					5C7A9B911F1E8425007D5A3B = {
						CreatedOnToolsVersion = 8.2.1;
						DevelopmentTeam = S67BKWC82Q;
						ProvisioningStyle = Automatic;
					};
					5C7A9B9D1F1E8426007D5A3B = {
						CreatedOnToolsVersion = 8.2.1;
						ProvisioningStyle = Automatic;
					};
					5CB13E241F0BEAE2002C5D88 = {
						CreatedOnToolsVersion = 8.2.1;
						DevelopmentTeam = S67BKWC82Q;
						ProvisioningStyle = Automatic;
					};
					5CB13E381F0BEAE2002C5D88 = {
						CreatedOnToolsVersion = 8.2.1;
						DevelopmentTeam = S67BKWC82Q;
						ProvisioningStyle = Automatic;
						TestTargetID = 5CB13E241F0BEAE2002C5D88;
					};
					5CB13E431F0BEAE2002C5D88 = {
						CreatedOnToolsVersion = 8.2.1;
						DevelopmentTeam = S67BKWC82Q;
						ProvisioningStyle = Automatic;
						TestTargetID = 5CB13E241F0BEAE2002C5D88;
					};
				};
			};
			buildConfigurationList = 5CB13E201F0BEAE2002C5D88 /* Build configuration list for PBXProject "CalC" */;
			compatibilityVersion = "Xcode 3.2";
			developmentRegion = English;
			hasScannedForEncodings = 0;
			knownRegions = (
				en,
				Base,
			);
			mainGroup = 5CB13E1C1F0BEAE2002C5D88;
			productRefGroup = 5CB13E261F0BEAE2002C5D88 /* Products */;
			projectDirPath = "";
			projectRoot = "";
			targets = (
				5CB13E241F0BEAE2002C5D88 /* CalC */,
				5CB13E381F0BEAE2002C5D88 /* CalCTests */,
				5CB13E431F0BEAE2002C5D88 /* CalCUITests */,
				5C7A9B911F1E8425007D5A3B /* watch-Calc */,
				5C7A9B9D1F1E8426007D5A3B /* watch-Calc Extension */,
			);
		};
/* End PBXProject section */

/* Begin PBXResourcesBuildPhase section */
		5C7A9B901F1E8425007D5A3B /* Resources */ = {
			isa = PBXResourcesBuildPhase;
			buildActionMask = 2147483647;
			files = (
				5C7A9B981F1E8425007D5A3B /* Assets.xcassets in Resources */,
				5C7A9B961F1E8425007D5A3B /* Interface.storyboard in Resources */,
			);
			runOnlyForDeploymentPostprocessing = 0;
		};
		5C7A9B9C1F1E8426007D5A3B /* Resources */ = {
			isa = PBXResourcesBuildPhase;
			buildActionMask = 2147483647;
			files = (
				5C7A9BAC1F1E8426007D5A3B /* Assets.xcassets in Resources */,
			);
			runOnlyForDeploymentPostprocessing = 0;
		};
		5CB13E231F0BEAE2002C5D88 /* Resources */ = {
			isa = PBXResourcesBuildPhase;
			buildActionMask = 2147483647;
			files = (
				5CB13E331F0BEAE2002C5D88 /* LaunchScreen.storyboard in Resources */,
				5CB13E301F0BEAE2002C5D88 /* Assets.xcassets in Resources */,
				5CB13E2E1F0BEAE2002C5D88 /* Main.storyboard in Resources */,
			);
			runOnlyForDeploymentPostprocessing = 0;
		};
		5CB13E371F0BEAE2002C5D88 /* Resources */ = {
			isa = PBXResourcesBuildPhase;
			buildActionMask = 2147483647;
			files = (
			);
			runOnlyForDeploymentPostprocessing = 0;
		};
		5CB13E421F0BEAE2002C5D88 /* Resources */ = {
			isa = PBXResourcesBuildPhase;
			buildActionMask = 2147483647;
			files = (
			);
			runOnlyForDeploymentPostprocessing = 0;
		};
/* End PBXResourcesBuildPhase section */

/* Begin PBXSourcesBuildPhase section */
		5C7A9B9A1F1E8426007D5A3B /* Sources */ = {
			isa = PBXSourcesBuildPhase;
			buildActionMask = 2147483647;
			files = (
				5C7A9BAA1F1E8426007D5A3B /* NotificationController.swift in Sources */,
				5C7A9BA81F1E8426007D5A3B /* ExtensionDelegate.swift in Sources */,
				5C7A9BA61F1E8426007D5A3B /* InterfaceController.swift in Sources */,
			);
			runOnlyForDeploymentPostprocessing = 0;
		};
		5CB13E211F0BEAE2002C5D88 /* Sources */ = {
			isa = PBXSourcesBuildPhase;
			buildActionMask = 2147483647;
			files = (
				5CB13E2B1F0BEAE2002C5D88 /* ViewController.swift in Sources */,
				5CB13E291F0BEAE2002C5D88 /* AppDelegate.swift in Sources */,
				5C199F971F14861B009C338C /* Calculator.swift in Sources */,
			);
			runOnlyForDeploymentPostprocessing = 0;
		};
		5CB13E351F0BEAE2002C5D88 /* Sources */ = {
			isa = PBXSourcesBuildPhase;
			buildActionMask = 2147483647;
			files = (
				5CB13E3E1F0BEAE2002C5D88 /* CalCTests.swift in Sources */,
			);
			runOnlyForDeploymentPostprocessing = 0;
		};
		5CB13E401F0BEAE2002C5D88 /* Sources */ = {
			isa = PBXSourcesBuildPhase;
			buildActionMask = 2147483647;
			files = (
				5CB13E491F0BEAE2002C5D88 /* CalCUITests.swift in Sources */,
			);
			runOnlyForDeploymentPostprocessing = 0;
		};
/* End PBXSourcesBuildPhase section */

/* Begin PBXTargetDependency section */
		5C7A9BA11F1E8426007D5A3B /* PBXTargetDependency */ = {
			isa = PBXTargetDependency;
			target = 5C7A9B9D1F1E8426007D5A3B /* watch-Calc Extension */;
			targetProxy = 5C7A9BA01F1E8426007D5A3B /* PBXContainerItemProxy */;
		};
		5C7A9BAF1F1E8426007D5A3B /* PBXTargetDependency */ = {
			isa = PBXTargetDependency;
			target = 5C7A9B911F1E8425007D5A3B /* watch-Calc */;
			targetProxy = 5C7A9BAE1F1E8426007D5A3B /* PBXContainerItemProxy */;
		};
		5CB13E3B1F0BEAE2002C5D88 /* PBXTargetDependency */ = {
			isa = PBXTargetDependency;
			target = 5CB13E241F0BEAE2002C5D88 /* CalC */;
			targetProxy = 5CB13E3A1F0BEAE2002C5D88 /* PBXContainerItemProxy */;
		};
		5CB13E461F0BEAE2002C5D88 /* PBXTargetDependency */ = {
			isa = PBXTargetDependency;
			target = 5CB13E241F0BEAE2002C5D88 /* CalC */;
			targetProxy = 5CB13E451F0BEAE2002C5D88 /* PBXContainerItemProxy */;
		};
/* End PBXTargetDependency section */

/* Begin PBXVariantGroup section */
		5C7A9B941F1E8425007D5A3B /* Interface.storyboard */ = {
			isa = PBXVariantGroup;
			children = (
				5C7A9B951F1E8425007D5A3B /* Base */,
			);
			name = Interface.storyboard;
			sourceTree = "<group>";
		};
		5CB13E2C1F0BEAE2002C5D88 /* Main.storyboard */ = {
			isa = PBXVariantGroup;
			children = (
				5CB13E2D1F0BEAE2002C5D88 /* Base */,
			);
			name = Main.storyboard;
			sourceTree = "<group>";
		};
		5CB13E311F0BEAE2002C5D88 /* LaunchScreen.storyboard */ = {
			isa = PBXVariantGroup;
			children = (
				5CB13E321F0BEAE2002C5D88 /* Base */,
			);
			name = LaunchScreen.storyboard;
			sourceTree = "<group>";
		};
/* End PBXVariantGroup section */

/* Begin XCBuildConfiguration section */
		5C7A9BB11F1E8426007D5A3B /* Debug */ = {
			isa = XCBuildConfiguration;
			buildSettings = {
				ALWAYS_EMBED_SWIFT_STANDARD_LIBRARIES = YES;
				ASSETCATALOG_COMPILER_APPICON_NAME = AppIcon;
				DEVELOPMENT_TEAM = S67BKWC82Q;
				IBSC_MODULE = watch_Calc_Extension;
				INFOPLIST_FILE = "watch-Calc/Info.plist";
				PRODUCT_BUNDLE_IDENTIFIER = com.iSalmanLab.CalC.watchkitapp;
				PRODUCT_NAME = "$(TARGET_NAME)";
				SDKROOT = watchos;
				SKIP_INSTALL = YES;
				SWIFT_VERSION = 3.0;
				TARGETED_DEVICE_FAMILY = 4;
				WATCHOS_DEPLOYMENT_TARGET = 3.1;
			};
			name = Debug;
		};
		5C7A9BB21F1E8426007D5A3B /* Release */ = {
			isa = XCBuildConfiguration;
			buildSettings = {
				ALWAYS_EMBED_SWIFT_STANDARD_LIBRARIES = YES;
				ASSETCATALOG_COMPILER_APPICON_NAME = AppIcon;
				DEVELOPMENT_TEAM = S67BKWC82Q;
				IBSC_MODULE = watch_Calc_Extension;
				INFOPLIST_FILE = "watch-Calc/Info.plist";
				PRODUCT_BUNDLE_IDENTIFIER = com.iSalmanLab.CalC.watchkitapp;
				PRODUCT_NAME = "$(TARGET_NAME)";
				SDKROOT = watchos;
				SKIP_INSTALL = YES;
				SWIFT_VERSION = 3.0;
				TARGETED_DEVICE_FAMILY = 4;
				WATCHOS_DEPLOYMENT_TARGET = 3.1;
			};
			name = Release;
		};
		5C7A9BB31F1E8426007D5A3B /* Debug */ = {
			isa = XCBuildConfiguration;
			buildSettings = {
				ASSETCATALOG_COMPILER_COMPLICATION_NAME = Complication;
				INFOPLIST_FILE = "watch-Calc Extension/Info.plist";
				LD_RUNPATH_SEARCH_PATHS = "$(inherited) @executable_path/Frameworks @executable_path/../../Frameworks";
				PRODUCT_BUNDLE_IDENTIFIER = com.iSalmanLab.CalC.watchkitapp.watchkitextension;
				PRODUCT_NAME = "${TARGET_NAME}";
				SDKROOT = watchos;
				SKIP_INSTALL = YES;
				SWIFT_VERSION = 3.0;
				TARGETED_DEVICE_FAMILY = 4;
				WATCHOS_DEPLOYMENT_TARGET = 3.1;
			};
			name = Debug;
		};
		5C7A9BB41F1E8426007D5A3B /* Release */ = {
			isa = XCBuildConfiguration;
			buildSettings = {
				ASSETCATALOG_COMPILER_COMPLICATION_NAME = Complication;
				INFOPLIST_FILE = "watch-Calc Extension/Info.plist";
				LD_RUNPATH_SEARCH_PATHS = "$(inherited) @executable_path/Frameworks @executable_path/../../Frameworks";
				PRODUCT_BUNDLE_IDENTIFIER = com.iSalmanLab.CalC.watchkitapp.watchkitextension;
				PRODUCT_NAME = "${TARGET_NAME}";
				SDKROOT = watchos;
				SKIP_INSTALL = YES;
				SWIFT_VERSION = 3.0;
				TARGETED_DEVICE_FAMILY = 4;
				WATCHOS_DEPLOYMENT_TARGET = 3.1;
			};
			name = Release;
		};
		5CB13E4B1F0BEAE2002C5D88 /* Debug */ = {
			isa = XCBuildConfiguration;
			buildSettings = {
				ALWAYS_SEARCH_USER_PATHS = NO;
				CLANG_ANALYZER_NONNULL = YES;
				CLANG_CXX_LANGUAGE_STANDARD = "gnu++0x";
				CLANG_CXX_LIBRARY = "libc++";
				CLANG_ENABLE_MODULES = YES;
				CLANG_ENABLE_OBJC_ARC = YES;
				CLANG_WARN_BOOL_CONVERSION = YES;
				CLANG_WARN_CONSTANT_CONVERSION = YES;
				CLANG_WARN_DIRECT_OBJC_ISA_USAGE = YES_ERROR;
				CLANG_WARN_DOCUMENTATION_COMMENTS = YES;
				CLANG_WARN_EMPTY_BODY = YES;
				CLANG_WARN_ENUM_CONVERSION = YES;
				CLANG_WARN_INFINITE_RECURSION = YES;
				CLANG_WARN_INT_CONVERSION = YES;
				CLANG_WARN_OBJC_ROOT_CLASS = YES_ERROR;
				CLANG_WARN_SUSPICIOUS_MOVE = YES;
				CLANG_WARN_UNREACHABLE_CODE = YES;
				CLANG_WARN__DUPLICATE_METHOD_MATCH = YES;
				"CODE_SIGN_IDENTITY[sdk=iphoneos*]" = "iPhone Developer";
				COPY_PHASE_STRIP = NO;
				DEBUG_INFORMATION_FORMAT = dwarf;
				ENABLE_STRICT_OBJC_MSGSEND = YES;
				ENABLE_TESTABILITY = YES;
				GCC_C_LANGUAGE_STANDARD = gnu99;
				GCC_DYNAMIC_NO_PIC = NO;
				GCC_NO_COMMON_BLOCKS = YES;
				GCC_OPTIMIZATION_LEVEL = 0;
				GCC_PREPROCESSOR_DEFINITIONS = (
					"DEBUG=1",
					"$(inherited)",
				);
				GCC_WARN_64_TO_32_BIT_CONVERSION = YES;
				GCC_WARN_ABOUT_RETURN_TYPE = YES_ERROR;
				GCC_WARN_UNDECLARED_SELECTOR = YES;
				GCC_WARN_UNINITIALIZED_AUTOS = YES_AGGRESSIVE;
				GCC_WARN_UNUSED_FUNCTION = YES;
				GCC_WARN_UNUSED_VARIABLE = YES;
				IPHONEOS_DEPLOYMENT_TARGET = 10.2;
				MTL_ENABLE_DEBUG_INFO = YES;
				ONLY_ACTIVE_ARCH = YES;
				SDKROOT = iphoneos;
				SWIFT_ACTIVE_COMPILATION_CONDITIONS = DEBUG;
				SWIFT_OPTIMIZATION_LEVEL = "-Onone";
				TARGETED_DEVICE_FAMILY = "1,2";
			};
			name = Debug;
		};
		5CB13E4C1F0BEAE2002C5D88 /* Release */ = {
			isa = XCBuildConfiguration;
			buildSettings = {
				ALWAYS_SEARCH_USER_PATHS = NO;
				CLANG_ANALYZER_NONNULL = YES;
				CLANG_CXX_LANGUAGE_STANDARD = "gnu++0x";
				CLANG_CXX_LIBRARY = "libc++";
				CLANG_ENABLE_MODULES = YES;
				CLANG_ENABLE_OBJC_ARC = YES;
				CLANG_WARN_BOOL_CONVERSION = YES;
				CLANG_WARN_CONSTANT_CONVERSION = YES;
				CLANG_WARN_DIRECT_OBJC_ISA_USAGE = YES_ERROR;
				CLANG_WARN_DOCUMENTATION_COMMENTS = YES;
				CLANG_WARN_EMPTY_BODY = YES;
				CLANG_WARN_ENUM_CONVERSION = YES;
				CLANG_WARN_INFINITE_RECURSION = YES;
				CLANG_WARN_INT_CONVERSION = YES;
				CLANG_WARN_OBJC_ROOT_CLASS = YES_ERROR;
				CLANG_WARN_SUSPICIOUS_MOVE = YES;
				CLANG_WARN_UNREACHABLE_CODE = YES;
				CLANG_WARN__DUPLICATE_METHOD_MATCH = YES;
				"CODE_SIGN_IDENTITY[sdk=iphoneos*]" = "iPhone Developer";
				COPY_PHASE_STRIP = NO;
				DEBUG_INFORMATION_FORMAT = "dwarf-with-dsym";
				ENABLE_NS_ASSERTIONS = NO;
				ENABLE_STRICT_OBJC_MSGSEND = YES;
				GCC_C_LANGUAGE_STANDARD = gnu99;
				GCC_NO_COMMON_BLOCKS = YES;
				GCC_WARN_64_TO_32_BIT_CONVERSION = YES;
				GCC_WARN_ABOUT_RETURN_TYPE = YES_ERROR;
				GCC_WARN_UNDECLARED_SELECTOR = YES;
				GCC_WARN_UNINITIALIZED_AUTOS = YES_AGGRESSIVE;
				GCC_WARN_UNUSED_FUNCTION = YES;
				GCC_WARN_UNUSED_VARIABLE = YES;
				IPHONEOS_DEPLOYMENT_TARGET = 10.2;
				MTL_ENABLE_DEBUG_INFO = NO;
				SDKROOT = iphoneos;
				SWIFT_OPTIMIZATION_LEVEL = "-Owholemodule";
				TARGETED_DEVICE_FAMILY = "1,2";
				VALIDATE_PRODUCT = YES;
			};
			name = Release;
		};
		5CB13E4E1F0BEAE2002C5D88 /* Debug */ = {
			isa = XCBuildConfiguration;
			buildSettings = {
				ASSETCATALOG_COMPILER_APPICON_NAME = AppIcon;
				DEVELOPMENT_TEAM = S67BKWC82Q;
				INFOPLIST_FILE = CalC/Info.plist;
				IPHONEOS_DEPLOYMENT_TARGET = 10.0;
				LD_RUNPATH_SEARCH_PATHS = "$(inherited) @executable_path/Frameworks";
				PRODUCT_BUNDLE_IDENTIFIER = com.iSalmanLab.CalC;
				PRODUCT_NAME = "$(TARGET_NAME)";
				SWIFT_VERSION = 3.0;
			};
			name = Debug;
		};
		5CB13E4F1F0BEAE2002C5D88 /* Release */ = {
			isa = XCBuildConfiguration;
			buildSettings = {
				ASSETCATALOG_COMPILER_APPICON_NAME = AppIcon;
				DEVELOPMENT_TEAM = S67BKWC82Q;
				INFOPLIST_FILE = CalC/Info.plist;
				IPHONEOS_DEPLOYMENT_TARGET = 10.0;
				LD_RUNPATH_SEARCH_PATHS = "$(inherited) @executable_path/Frameworks";
				PRODUCT_BUNDLE_IDENTIFIER = com.iSalmanLab.CalC;
				PRODUCT_NAME = "$(TARGET_NAME)";
				SWIFT_VERSION = 3.0;
			};
			name = Release;
		};
		5CB13E511F0BEAE2002C5D88 /* Debug */ = {
			isa = XCBuildConfiguration;
			buildSettings = {
				ALWAYS_EMBED_SWIFT_STANDARD_LIBRARIES = YES;
				BUNDLE_LOADER = "$(TEST_HOST)";
				DEVELOPMENT_TEAM = S67BKWC82Q;
				INFOPLIST_FILE = CalCTests/Info.plist;
				LD_RUNPATH_SEARCH_PATHS = "$(inherited) @executable_path/Frameworks @loader_path/Frameworks";
				PRODUCT_BUNDLE_IDENTIFIER = com.iSalmanLab.CalCTests;
				PRODUCT_NAME = "$(TARGET_NAME)";
				SWIFT_VERSION = 3.0;
				TEST_HOST = "$(BUILT_PRODUCTS_DIR)/CalC.app/CalC";
			};
			name = Debug;
		};
		5CB13E521F0BEAE2002C5D88 /* Release */ = {
			isa = XCBuildConfiguration;
			buildSettings = {
				ALWAYS_EMBED_SWIFT_STANDARD_LIBRARIES = YES;
				BUNDLE_LOADER = "$(TEST_HOST)";
				DEVELOPMENT_TEAM = S67BKWC82Q;
				INFOPLIST_FILE = CalCTests/Info.plist;
				LD_RUNPATH_SEARCH_PATHS = "$(inherited) @executable_path/Frameworks @loader_path/Frameworks";
				PRODUCT_BUNDLE_IDENTIFIER = com.iSalmanLab.CalCTests;
				PRODUCT_NAME = "$(TARGET_NAME)";
				SWIFT_VERSION = 3.0;
				TEST_HOST = "$(BUILT_PRODUCTS_DIR)/CalC.app/CalC";
			};
			name = Release;
		};
		5CB13E541F0BEAE2002C5D88 /* Debug */ = {
			isa = XCBuildConfiguration;
			buildSettings = {
				ALWAYS_EMBED_SWIFT_STANDARD_LIBRARIES = YES;
				DEVELOPMENT_TEAM = S67BKWC82Q;
				INFOPLIST_FILE = CalCUITests/Info.plist;
				LD_RUNPATH_SEARCH_PATHS = "$(inherited) @executable_path/Frameworks @loader_path/Frameworks";
				PRODUCT_BUNDLE_IDENTIFIER = com.iSalmanLab.CalCUITests;
				PRODUCT_NAME = "$(TARGET_NAME)";
				SWIFT_VERSION = 3.0;
				TEST_TARGET_NAME = CalC;
			};
			name = Debug;
		};
		5CB13E551F0BEAE2002C5D88 /* Release */ = {
			isa = XCBuildConfiguration;
			buildSettings = {
				ALWAYS_EMBED_SWIFT_STANDARD_LIBRARIES = YES;
				DEVELOPMENT_TEAM = S67BKWC82Q;
				INFOPLIST_FILE = CalCUITests/Info.plist;
				LD_RUNPATH_SEARCH_PATHS = "$(inherited) @executable_path/Frameworks @loader_path/Frameworks";
				PRODUCT_BUNDLE_IDENTIFIER = com.iSalmanLab.CalCUITests;
				PRODUCT_NAME = "$(TARGET_NAME)";
				SWIFT_VERSION = 3.0;
				TEST_TARGET_NAME = CalC;
			};
			name = Release;
		};
/* End XCBuildConfiguration section */

/* Begin XCConfigurationList section */
		5C7A9BB51F1E8426007D5A3B /* Build configuration list for PBXNativeTarget "watch-Calc Extension" */ = {
			isa = XCConfigurationList;
			buildConfigurations = (
				5C7A9BB31F1E8426007D5A3B /* Debug */,
				5C7A9BB41F1E8426007D5A3B /* Release */,
			);
			defaultConfigurationIsVisible = 0;
		};
		5C7A9BB71F1E8426007D5A3B /* Build configuration list for PBXNativeTarget "watch-Calc" */ = {
			isa = XCConfigurationList;
			buildConfigurations = (
				5C7A9BB11F1E8426007D5A3B /* Debug */,
				5C7A9BB21F1E8426007D5A3B /* Release */,
			);
			defaultConfigurationIsVisible = 0;
		};
		5CB13E201F0BEAE2002C5D88 /* Build configuration list for PBXProject "CalC" */ = {
			isa = XCConfigurationList;
			buildConfigurations = (
				5CB13E4B1F0BEAE2002C5D88 /* Debug */,
				5CB13E4C1F0BEAE2002C5D88 /* Release */,
			);
			defaultConfigurationIsVisible = 0;
			defaultConfigurationName = Release;
		};
		5CB13E4D1F0BEAE2002C5D88 /* Build configuration list for PBXNativeTarget "CalC" */ = {
			isa = XCConfigurationList;
			buildConfigurations = (
				5CB13E4E1F0BEAE2002C5D88 /* Debug */,
				5CB13E4F1F0BEAE2002C5D88 /* Release */,
			);
			defaultConfigurationIsVisible = 0;
			defaultConfigurationName = Release;
		};
		5CB13E501F0BEAE2002C5D88 /* Build configuration list for PBXNativeTarget "CalCTests" */ = {
			isa = XCConfigurationList;
			buildConfigurations = (
				5CB13E511F0BEAE2002C5D88 /* Debug */,
				5CB13E521F0BEAE2002C5D88 /* Release */,
			);
			defaultConfigurationIsVisible = 0;
			defaultConfigurationName = Release;
		};
		5CB13E531F0BEAE2002C5D88 /* Build configuration list for PBXNativeTarget "CalCUITests" */ = {
			isa = XCConfigurationList;
			buildConfigurations = (
				5CB13E541F0BEAE2002C5D88 /* Debug */,
				5CB13E551F0BEAE2002C5D88 /* Release */,
			);
			defaultConfigurationIsVisible = 0;
			defaultConfigurationName = Release;
		};
/* End XCConfigurationList section */
	};
	rootObject = 5CB13E1D1F0BEAE2002C5D88 /* Project object */;
}
